
Microsoft Visual Studio Solution File, Format Version 12.00
# Visual Studio Version 17
VisualStudioVersion = 17.10.34928.147
MinimumVisualStudioVersion = 10.0.40219.1
Project("{FAE04EC0-301F-11D3-BF4B-00C04F79EFBC}") = "Media Player", "Media Player.csproj", "{B7D9E182-4932-416C-BC88-C443EBD5A159}"
EndProject
Global
	GlobalSection(SolutionConfigurationPlatforms) = preSolution
		Debug|Any CPU = Debug|Any CPU
		Release|Any CPU = Release|Any CPU
	EndGlobalSection
	GlobalSection(ProjectConfigurationPlatforms) = postSolution
		{B7D9E182-4932-416C-BC88-C443EBD5A159}.Debug|Any CPU.ActiveCfg = Debug|Any CPU
		{B7D9E182-4932-416C-BC88-C443EBD5A159}.Debug|Any CPU.Build.0 = Debug|Any CPU
		{B7D9E182-4932-416C-BC88-C443EBD5A159}.Release|Any CPU.ActiveCfg = Release|Any CPU
		{B7D9E182-4932-416C-BC88-C443EBD5A159}.Release|Any CPU.Build.0 = Release|Any CPU
	EndGlobalSection
	GlobalSection(SolutionProperties) = preSolution
		HideSolutionNode = FALSE
	EndGlobalSection
	GlobalSection(ExtensibilityGlobals) = postSolution
		SolutionGuid = {53D73E32-D332-4B62-8DEA-DEB3574BECCC}
	EndGlobalSection
EndGlobal
